// !$*UTF8*$!
{
	archiveVersion = 1;
	classes = {
	};
	objectVersion = 51;
	objects = {

/* Begin PBXBuildFile section */
		917B359D2636D32AF3870245 /* Pods_UpdateDemo.framework in Frameworks */ = {isa = PBXBuildFile; fileRef = 4CC9B22A37991E9327844CA4 /* Pods_UpdateDemo.framework */; };
		C9B5188523ACC69200322893 /* AppDelegate.m in Sources */ = {isa = PBXBuildFile; fileRef = C9B5188423ACC69200322893 /* AppDelegate.m */; };
		C9B5188823ACC69200322893 /* ViewController.m in Sources */ = {isa = PBXBuildFile; fileRef = C9B5188723ACC69200322893 /* ViewController.m */; };
		C9B5188A23ACC69400322893 /* Assets.xcassets in Resources */ = {isa = PBXBuildFile; fileRef = C9B5188923ACC69400322893 /* Assets.xcassets */; };
		C9B5188D23ACC69400322893 /* Main.storyboard in Resources */ = {isa = PBXBuildFile; fileRef = C9B5188B23ACC69400322893 /* Main.storyboard */; };
		C9B5189023ACC69400322893 /* main.m in Sources */ = {isa = PBXBuildFile; fileRef = C9B5188F23ACC69400322893 /* main.m */; };
/* End PBXBuildFile section */

/* Begin PBXFileReference section */
		4CC9B22A37991E9327844CA4 /* Pods_UpdateDemo.framework */ = {isa = PBXFileReference; explicitFileType = wrapper.framework; includeInIndex = 0; path = Pods_UpdateDemo.framework; sourceTree = BUILT_PRODUCTS_DIR; };
		5816B6B0EB56A065D0ED19DE /* Pods-UpdateDemo.release.xcconfig */ = {isa = PBXFileReference; includeInIndex = 1; lastKnownFileType = text.xcconfig; name = "Pods-UpdateDemo.release.xcconfig"; path = "Target Support Files/Pods-UpdateDemo/Pods-UpdateDemo.release.xcconfig"; sourceTree = "<group>"; };
		B914D9331382095B9FF50264 /* Pods-UpdateDemo.debug.xcconfig */ = {isa = PBXFileReference; includeInIndex = 1; lastKnownFileType = text.xcconfig; name = "Pods-UpdateDemo.debug.xcconfig"; path = "Target Support Files/Pods-UpdateDemo/Pods-UpdateDemo.debug.xcconfig"; sourceTree = "<group>"; };
		C9B5188023ACC69200322893 /* UpdateDemo.app */ = {isa = PBXFileReference; explicitFileType = wrapper.application; includeInIndex = 0; path = UpdateDemo.app; sourceTree = BUILT_PRODUCTS_DIR; };
		C9B5188323ACC69200322893 /* AppDelegate.h */ = {isa = PBXFileReference; lastKnownFileType = sourcecode.c.h; path = AppDelegate.h; sourceTree = "<group>"; };
		C9B5188423ACC69200322893 /* AppDelegate.m */ = {isa = PBXFileReference; lastKnownFileType = sourcecode.c.objc; path = AppDelegate.m; sourceTree = "<group>"; };
		C9B5188623ACC69200322893 /* ViewController.h */ = {isa = PBXFileReference; lastKnownFileType = sourcecode.c.h; path = ViewController.h; sourceTree = "<group>"; };
		C9B5188723ACC69200322893 /* ViewController.m */ = {isa = PBXFileReference; lastKnownFileType = sourcecode.c.objc; path = ViewController.m; sourceTree = "<group>"; };
		C9B5188923ACC69400322893 /* Assets.xcassets */ = {isa = PBXFileReference; lastKnownFileType = folder.assetcatalog; path = Assets.xcassets; sourceTree = "<group>"; };
		C9B5188C23ACC69400322893 /* Base */ = {isa = PBXFileReference; lastKnownFileType = file.storyboard; name = Base; path = Base.lproj/Main.storyboard; sourceTree = "<group>"; };
		C9B5188E23ACC69400322893 /* Info.plist */ = {isa = PBXFileReference; lastKnownFileType = text.plist.xml; path = Info.plist; sourceTree = "<group>"; };
		C9B5188F23ACC69400322893 /* main.m */ = {isa = PBXFileReference; lastKnownFileType = sourcecode.c.objc; path = main.m; sourceTree = "<group>"; };
		C9B5189123ACC69400322893 /* UpdateDemo.entitlements */ = {isa = PBXFileReference; lastKnownFileType = text.plist.entitlements; path = UpdateDemo.entitlements; sourceTree = "<group>"; };
/* End PBXFileReference section */

/* Begin PBXFrameworksBuildPhase section */
		C9B5187D23ACC69200322893 /* Frameworks */ = {
			isa = PBXFrameworksBuildPhase;
			buildActionMask = 2147483647;
			files = (
				917B359D2636D32AF3870245 /* Pods_UpdateDemo.framework in Frameworks */,
			);
			runOnlyForDeploymentPostprocessing = 0;
		};
/* End PBXFrameworksBuildPhase section */

/* Begin PBXGroup section */
		29F1E0A74072F2B79C02C6BC /* Pods */ = {
			isa = PBXGroup;
			children = (
				B914D9331382095B9FF50264 /* Pods-UpdateDemo.debug.xcconfig */,
				5816B6B0EB56A065D0ED19DE /* Pods-UpdateDemo.release.xcconfig */,
			);
			path = Pods;
			sourceTree = "<group>";
		};
		C9B5187723ACC69200322893 = {
			isa = PBXGroup;
			children = (
				C9B5188223ACC69200322893 /* UpdateDemo */,
				C9B5188123ACC69200322893 /* Products */,
				29F1E0A74072F2B79C02C6BC /* Pods */,
				FB0DF785E773E9BB2B443AEA /* Frameworks */,
			);
			sourceTree = "<group>";
		};
		C9B5188123ACC69200322893 /* Products */ = {
			isa = PBXGroup;
			children = (
				C9B5188023ACC69200322893 /* UpdateDemo.app */,
			);
			name = Products;
			sourceTree = "<group>";
		};
		C9B5188223ACC69200322893 /* UpdateDemo */ = {
			isa = PBXGroup;
			children = (
				C9B5188323ACC69200322893 /* AppDelegate.h */,
				C9B5188423ACC69200322893 /* AppDelegate.m */,
				C9B5188623ACC69200322893 /* ViewController.h */,
				C9B5188723ACC69200322893 /* ViewController.m */,
				C9B5188923ACC69400322893 /* Assets.xcassets */,
				C9B5188B23ACC69400322893 /* Main.storyboard */,
				C9B5188E23ACC69400322893 /* Info.plist */,
				C9B5188F23ACC69400322893 /* main.m */,
				C9B5189123ACC69400322893 /* UpdateDemo.entitlements */,
			);
			path = UpdateDemo;
			sourceTree = "<group>";
		};
		FB0DF785E773E9BB2B443AEA /* Frameworks */ = {
			isa = PBXGroup;
			children = (
				4CC9B22A37991E9327844CA4 /* Pods_UpdateDemo.framework */,
			);
			name = Frameworks;
			sourceTree = "<group>";
		};
/* End PBXGroup section */

/* Begin PBXNativeTarget section */
		C9B5187F23ACC69200322893 /* UpdateDemo */ = {
			isa = PBXNativeTarget;
			buildConfigurationList = C9B5189423ACC69400322893 /* Build configuration list for PBXNativeTarget "UpdateDemo" */;
			buildPhases = (
				F914B048B0FDC7D14D96B9CA /* [CP] Check Pods Manifest.lock */,
				C9B5187C23ACC69200322893 /* Sources */,
				C9B5187D23ACC69200322893 /* Frameworks */,
				C9B5187E23ACC69200322893 /* Resources */,
				9FCFD301F5BF17147A605ABD /* [CP] Embed Pods Frameworks */,
			);
			buildRules = (
			);
			dependencies = (
			);
			name = UpdateDemo;
			productName = UpdateDemo;
			productReference = C9B5188023ACC69200322893 /* UpdateDemo.app */;
			productType = "com.apple.product-type.application";
		};
/* End PBXNativeTarget section */

/* Begin PBXProject section */
		C9B5187823ACC69200322893 /* Project object */ = {
			isa = PBXProject;
			attributes = {
				LastUpgradeCheck = 1130;
				ORGANIZATIONNAME = ripperhe;
				TargetAttributes = {
					C9B5187F23ACC69200322893 = {
						CreatedOnToolsVersion = 11.3;
					};
				};
			};
			buildConfigurationList = C9B5187B23ACC69200322893 /* Build configuration list for PBXProject "UpdateDemo" */;
			compatibilityVersion = "Xcode 9.3";
			developmentRegion = en;
			hasScannedForEncodings = 0;
			knownRegions = (
				en,
				Base,
			);
			mainGroup = C9B5187723ACC69200322893;
			productRefGroup = C9B5188123ACC69200322893 /* Products */;
			projectDirPath = "";
			projectRoot = "";
			targets = (
				C9B5187F23ACC69200322893 /* UpdateDemo */,
			);
		};
/* End PBXProject section */

/* Begin PBXResourcesBuildPhase section */
		C9B5187E23ACC69200322893 /* Resources */ = {
			isa = PBXResourcesBuildPhase;
			buildActionMask = 2147483647;
			files = (
				C9B5188A23ACC69400322893 /* Assets.xcassets in Resources */,
				C9B5188D23ACC69400322893 /* Main.storyboard in Resources */,
			);
			runOnlyForDeploymentPostprocessing = 0;
		};
/* End PBXResourcesBuildPhase section */

/* Begin PBXShellScriptBuildPhase section */
		9FCFD301F5BF17147A605ABD /* [CP] Embed Pods Frameworks */ = {
			isa = PBXShellScriptBuildPhase;
			buildActionMask = 2147483647;
			files = (
			);
			inputFileListPaths = (
				"${PODS_ROOT}/Target Support Files/Pods-UpdateDemo/Pods-UpdateDemo-frameworks-${CONFIGURATION}-input-files.xcfilelist",
			);
			name = "[CP] Embed Pods Frameworks";
			outputFileListPaths = (
				"${PODS_ROOT}/Target Support Files/Pods-UpdateDemo/Pods-UpdateDemo-frameworks-${CONFIGURATION}-output-files.xcfilelist",
			);
			runOnlyForDeploymentPostprocessing = 0;
			shellPath = /bin/sh;
			shellScript = "\"${PODS_ROOT}/Target Support Files/Pods-UpdateDemo/Pods-UpdateDemo-frameworks.sh\"\n";
			showEnvVarsInLog = 0;
		};
		F914B048B0FDC7D14D96B9CA /* [CP] Check Pods Manifest.lock */ = {
			isa = PBXShellScriptBuildPhase;
			buildActionMask = 2147483647;
			files = (
			);
			inputFileListPaths = (
			);
			inputPaths = (
				"${PODS_PODFILE_DIR_PATH}/Podfile.lock",
				"${PODS_ROOT}/Manifest.lock",
			);
			name = "[CP] Check Pods Manifest.lock";
			outputFileListPaths = (
			);
			outputPaths = (
				"$(DERIVED_FILE_DIR)/Pods-UpdateDemo-checkManifestLockResult.txt",
			);
			runOnlyForDeploymentPostprocessing = 0;
			shellPath = /bin/sh;
			shellScript = "diff \"${PODS_PODFILE_DIR_PATH}/Podfile.lock\" \"${PODS_ROOT}/Manifest.lock\" > /dev/null\nif [ $? != 0 ] ; then\n    # print error to STDERR\n    echo \"error: The sandbox is not in sync with the Podfile.lock. Run 'pod install' or update your CocoaPods installation.\" >&2\n    exit 1\nfi\n# This output is used by Xcode 'outputs' to avoid re-running this script phase.\necho \"SUCCESS\" > \"${SCRIPT_OUTPUT_FILE_0}\"\n";
			showEnvVarsInLog = 0;
		};
/* End PBXShellScriptBuildPhase section */

/* Begin PBXSourcesBuildPhase section */
		C9B5187C23ACC69200322893 /* Sources */ = {
			isa = PBXSourcesBuildPhase;
			buildActionMask = 2147483647;
			files = (
				C9B5188823ACC69200322893 /* ViewController.m in Sources */,
				C9B5189023ACC69400322893 /* main.m in Sources */,
				C9B5188523ACC69200322893 /* AppDelegate.m in Sources */,
			);
			runOnlyForDeploymentPostprocessing = 0;
		};
/* End PBXSourcesBuildPhase section */

/* Begin PBXVariantGroup section */
		C9B5188B23ACC69400322893 /* Main.storyboard */ = {
			isa = PBXVariantGroup;
			children = (
				C9B5188C23ACC69400322893 /* Base */,
			);
			name = Main.storyboard;
			sourceTree = "<group>";
		};
/* End PBXVariantGroup section */

/* Begin XCBuildConfiguration section */
		C9B5189223ACC69400322893 /* Debug */ = {
			isa = XCBuildConfiguration;
			buildSettings = {
				ALWAYS_SEARCH_USER_PATHS = NO;
				CLANG_ANALYZER_NONNULL = YES;
				CLANG_ANALYZER_NUMBER_OBJECT_CONVERSION = YES_AGGRESSIVE;
				CLANG_CXX_LANGUAGE_STANDARD = "gnu++14";
				CLANG_CXX_LIBRARY = "libc++";
				CLANG_ENABLE_MODULES = YES;
				CLANG_ENABLE_OBJC_ARC = YES;
				CLANG_ENABLE_OBJC_WEAK = YES;
				CLANG_WARN_BLOCK_CAPTURE_AUTORELEASING = YES;
				CLANG_WARN_BOOL_CONVERSION = YES;
				CLANG_WARN_COMMA = YES;
				CLANG_WARN_CONSTANT_CONVERSION = YES;
				CLANG_WARN_DEPRECATED_OBJC_IMPLEMENTATIONS = YES;
				CLANG_WARN_DIRECT_OBJC_ISA_USAGE = YES_ERROR;
				CLANG_WARN_DOCUMENTATION_COMMENTS = YES;
				CLANG_WARN_EMPTY_BODY = YES;
				CLANG_WARN_ENUM_CONVERSION = YES;
				CLANG_WARN_INFINITE_RECURSION = YES;
				CLANG_WARN_INT_CONVERSION = YES;
				CLANG_WARN_NON_LITERAL_NULL_CONVERSION = YES;
				CLANG_WARN_OBJC_IMPLICIT_RETAIN_SELF = YES;
				CLANG_WARN_OBJC_LITERAL_CONVERSION = YES;
				CLANG_WARN_OBJC_ROOT_CLASS = YES_ERROR;
				CLANG_WARN_RANGE_LOOP_ANALYSIS = YES;
				CLANG_WARN_STRICT_PROTOTYPES = YES;
				CLANG_WARN_SUSPICIOUS_MOVE = YES;
				CLANG_WARN_UNGUARDED_AVAILABILITY = YES_AGGRESSIVE;
				CLANG_WARN_UNREACHABLE_CODE = YES;
				CLANG_WARN__DUPLICATE_METHOD_MATCH = YES;
				COPY_PHASE_STRIP = NO;
				DEBUG_INFORMATION_FORMAT = dwarf;
				ENABLE_STRICT_OBJC_MSGSEND = YES;
				ENABLE_TESTABILITY = YES;
				GCC_C_LANGUAGE_STANDARD = gnu11;
				GCC_DYNAMIC_NO_PIC = NO;
				GCC_NO_COMMON_BLOCKS = YES;
				GCC_OPTIMIZATION_LEVEL = 0;
				GCC_PREPROCESSOR_DEFINITIONS = (
					"DEBUG=1",
					"$(inherited)",
				);
				GCC_WARN_64_TO_32_BIT_CONVERSION = YES;
				GCC_WARN_ABOUT_RETURN_TYPE = YES_ERROR;
				GCC_WARN_UNDECLARED_SELECTOR = YES;
				GCC_WARN_UNINITIALIZED_AUTOS = YES_AGGRESSIVE;
				GCC_WARN_UNUSED_FUNCTION = YES;
				GCC_WARN_UNUSED_VARIABLE = YES;
				MACOSX_DEPLOYMENT_TARGET = 10.15;
				MTL_ENABLE_DEBUG_INFO = INCLUDE_SOURCE;
				MTL_FAST_MATH = YES;
				ONLY_ACTIVE_ARCH = YES;
				SDKROOT = macosx;
			};
			name = Debug;
		};
		C9B5189323ACC69400322893 /* Release */ = {
			isa = XCBuildConfiguration;
			buildSettings = {
				ALWAYS_SEARCH_USER_PATHS = NO;
				CLANG_ANALYZER_NONNULL = YES;
				CLANG_ANALYZER_NUMBER_OBJECT_CONVERSION = YES_AGGRESSIVE;
				CLANG_CXX_LANGUAGE_STANDARD = "gnu++14";
				CLANG_CXX_LIBRARY = "libc++";
				CLANG_ENABLE_MODULES = YES;
				CLANG_ENABLE_OBJC_ARC = YES;
				CLANG_ENABLE_OBJC_WEAK = YES;
				CLANG_WARN_BLOCK_CAPTURE_AUTORELEASING = YES;
				CLANG_WARN_BOOL_CONVERSION = YES;
				CLANG_WARN_COMMA = YES;
				CLANG_WARN_CONSTANT_CONVERSION = YES;
				CLANG_WARN_DEPRECATED_OBJC_IMPLEMENTATIONS = YES;
				CLANG_WARN_DIRECT_OBJC_ISA_USAGE = YES_ERROR;
				CLANG_WARN_DOCUMENTATION_COMMENTS = YES;
				CLANG_WARN_EMPTY_BODY = YES;
				CLANG_WARN_ENUM_CONVERSION = YES;
				CLANG_WARN_INFINITE_RECURSION = YES;
				CLANG_WARN_INT_CONVERSION = YES;
				CLANG_WARN_NON_LITERAL_NULL_CONVERSION = YES;
				CLANG_WARN_OBJC_IMPLICIT_RETAIN_SELF = YES;
				CLANG_WARN_OBJC_LITERAL_CONVERSION = YES;
				CLANG_WARN_OBJC_ROOT_CLASS = YES_ERROR;
				CLANG_WARN_RANGE_LOOP_ANALYSIS = YES;
				CLANG_WARN_STRICT_PROTOTYPES = YES;
				CLANG_WARN_SUSPICIOUS_MOVE = YES;
				CLANG_WARN_UNGUARDED_AVAILABILITY = YES_AGGRESSIVE;
				CLANG_WARN_UNREACHABLE_CODE = YES;
				CLANG_WARN__DUPLICATE_METHOD_MATCH = YES;
				COPY_PHASE_STRIP = NO;
				DEBUG_INFORMATION_FORMAT = "dwarf-with-dsym";
				ENABLE_NS_ASSERTIONS = NO;
				ENABLE_STRICT_OBJC_MSGSEND = YES;
				GCC_C_LANGUAGE_STANDARD = gnu11;
				GCC_NO_COMMON_BLOCKS = YES;
				GCC_WARN_64_TO_32_BIT_CONVERSION = YES;
				GCC_WARN_ABOUT_RETURN_TYPE = YES_ERROR;
				GCC_WARN_UNDECLARED_SELECTOR = YES;
				GCC_WARN_UNINITIALIZED_AUTOS = YES_AGGRESSIVE;
				GCC_WARN_UNUSED_FUNCTION = YES;
				GCC_WARN_UNUSED_VARIABLE = YES;
				MACOSX_DEPLOYMENT_TARGET = 10.15;
				MTL_ENABLE_DEBUG_INFO = NO;
				MTL_FAST_MATH = YES;
				SDKROOT = macosx;
			};
			name = Release;
		};
		C9B5189523ACC69400322893 /* Debug */ = {
			isa = XCBuildConfiguration;
			baseConfigurationReference = B914D9331382095B9FF50264 /* Pods-UpdateDemo.debug.xcconfig */;
			buildSettings = {
				ASSETCATALOG_COMPILER_APPICON_NAME = AppIcon;
				CODE_SIGN_ENTITLEMENTS = UpdateDemo/UpdateDemo.entitlements;
				CODE_SIGN_STYLE = Automatic;
				COMBINE_HIDPI_IMAGES = YES;
				INFOPLIST_FILE = UpdateDemo/Info.plist;
				LD_RUNPATH_SEARCH_PATHS = (
					"$(inherited)",
					"@executable_path/../Frameworks",
				);
				MARKETING_VERSION = 1.0.0;
				PRODUCT_BUNDLE_IDENTIFIER = com.ripperhe.UpdateDemo;
				PRODUCT_NAME = "$(TARGET_NAME)";
			};
			name = Debug;
		};
		C9B5189623ACC69400322893 /* Release */ = {
			isa = XCBuildConfiguration;
			baseConfigurationReference = 5816B6B0EB56A065D0ED19DE /* Pods-UpdateDemo.release.xcconfig */;
			buildSettings = {
				ASSETCATALOG_COMPILER_APPICON_NAME = AppIcon;
				CODE_SIGN_ENTITLEMENTS = UpdateDemo/UpdateDemo.entitlements;
				CODE_SIGN_STYLE = Automatic;
				COMBINE_HIDPI_IMAGES = YES;
				INFOPLIST_FILE = UpdateDemo/Info.plist;
				LD_RUNPATH_SEARCH_PATHS = (
					"$(inherited)",
					"@executable_path/../Frameworks",
				);
				MARKETING_VERSION = 1.0.0;
				PRODUCT_BUNDLE_IDENTIFIER = com.ripperhe.UpdateDemo;
				PRODUCT_NAME = "$(TARGET_NAME)";
			};
			name = Release;
		};
/* End XCBuildConfiguration section */

/* Begin XCConfigurationList section */
		C9B5187B23ACC69200322893 /* Build configuration list for PBXProject "UpdateDemo" */ = {
			isa = XCConfigurationList;
			buildConfigurations = (
				C9B5189223ACC69400322893 /* Debug */,
				C9B5189323ACC69400322893 /* Release */,
			);
			defaultConfigurationIsVisible = 0;
			defaultConfigurationName = Release;
		};
		C9B5189423ACC69400322893 /* Build configuration list for PBXNativeTarget "UpdateDemo" */ = {
			isa = XCConfigurationList;
			buildConfigurations = (
				C9B5189523ACC69400322893 /* Debug */,
				C9B5189623ACC69400322893 /* Release */,
			);
			defaultConfigurationIsVisible = 0;
			defaultConfigurationName = Release;
		};
/* End XCConfigurationList section */
	};
	rootObject = C9B5187823ACC69200322893 /* Project object */;
}
